
Microsoft Visual Studio Solution File, Format Version 12.00
# Visual Studio 15
VisualStudioVersion = 15.0.27428.2043
MinimumVisualStudioVersion = 10.0.40219.1
Project("{FAE04EC0-301F-11D3-BF4B-00C04F79EFBC}") = "TestApp", "TestApp\TestApp.csproj", "{A814BCC1-D999-4805-950C-A5B6FF36CFB2}"
EndProject
Global
	GlobalSection(SolutionConfigurationPlatforms) = preSolution
		Debug|Any CPU = Debug|Any CPU
		Release|Any CPU = Release|Any CPU
	EndGlobalSection
	GlobalSection(ProjectConfigurationPlatforms) = postSolution
		{A814BCC1-D999-4805-950C-A5B6FF36CFB2}.Debug|Any CPU.ActiveCfg = Debug|Any CPU
		{A814BCC1-D999-4805-950C-A5B6FF36CFB2}.Debug|Any CPU.Build.0 = Debug|Any CPU
		{A814BCC1-D999-4805-950C-A5B6FF36CFB2}.Release|Any CPU.ActiveCfg = Release|Any CPU
		{A814BCC1-D999-4805-950C-A5B6FF36CFB2}.Release|Any CPU.Build.0 = Release|Any CPU
	EndGlobalSection
	GlobalSection(SolutionProperties) = preSolution
		HideSolutionNode = FALSE
	EndGlobalSection
	GlobalSection(ExtensibilityGlobals) = postSolution
		SolutionGuid = {92A98B66-C587-4F69-9A48-5B43D533CBDB}
	EndGlobalSection
EndGlobal
